
Microsoft Visual Studio Solution File, Format Version 12.00
# Visual Studio Version 16
VisualStudioVersion = 16.0.36602.28
MinimumVisualStudioVersion = 10.0.40219.1
Project("{FAE04EC0-301F-11D3-BF4B-00C04F79EFBC}") = "CapaVista_Tbl_ProyAuditado", "CapaVista_Tbl_ProyAuditado\CapaVista_Tbl_ProyAuditado.csproj", "{2CB7281A-5E96-4D1A-A7AC-4E2E29B12241}"
EndProject
Project("{FAE04EC0-301F-11D3-BF4B-00C04F79EFBC}") = "CapaControlador_Tbl_ProyAuditado", "CapaControlador_Tbl_ProyAuditado\CapaControlador_Tbl_ProyAuditado.csproj", "{C1FEC0A8-D3E5-435F-A798-9800D0C4A7CA}"
EndProject
Project("{FAE04EC0-301F-11D3-BF4B-00C04F79EFBC}") = "CapaModelo_Tbl_ProyAuditado", "CapaModelo_Tbl_ProyAuditado\CapaModelo_Tbl_ProyAuditado.csproj", "{C97A43E0-9D39-41D2-86CC-9356FC45508D}"
EndProject
Global
	GlobalSection(SolutionConfigurationPlatforms) = preSolution
		Debug|Any CPU = Debug|Any CPU
		Release|Any CPU = Release|Any CPU
	EndGlobalSection
	GlobalSection(ProjectConfigurationPlatforms) = postSolution
		{2CB7281A-5E96-4D1A-A7AC-4E2E29B12241}.Debug|Any CPU.ActiveCfg = Debug|Any CPU
		{2CB7281A-5E96-4D1A-A7AC-4E2E29B12241}.Debug|Any CPU.Build.0 = Debug|Any CPU
		{2CB7281A-5E96-4D1A-A7AC-4E2E29B12241}.Release|Any CPU.ActiveCfg = Release|Any CPU
		{2CB7281A-5E96-4D1A-A7AC-4E2E29B12241}.Release|Any CPU.Build.0 = Release|Any CPU
		{C1FEC0A8-D3E5-435F-A798-9800D0C4A7CA}.Debug|Any CPU.ActiveCfg = Debug|Any CPU
		{C1FEC0A8-D3E5-435F-A798-9800D0C4A7CA}.Debug|Any CPU.Build.0 = Debug|Any CPU
		{C1FEC0A8-D3E5-435F-A798-9800D0C4A7CA}.Release|Any CPU.ActiveCfg = Release|Any CPU
		{C1FEC0A8-D3E5-435F-A798-9800D0C4A7CA}.Release|Any CPU.Build.0 = Release|Any CPU
		{C97A43E0-9D39-41D2-86CC-9356FC45508D}.Debug|Any CPU.ActiveCfg = Debug|Any CPU
		{C97A43E0-9D39-41D2-86CC-9356FC45508D}.Debug|Any CPU.Build.0 = Debug|Any CPU
		{C97A43E0-9D39-41D2-86CC-9356FC45508D}.Release|Any CPU.ActiveCfg = Release|Any CPU
		{C97A43E0-9D39-41D2-86CC-9356FC45508D}.Release|Any CPU.Build.0 = Release|Any CPU
	EndGlobalSection
	GlobalSection(SolutionProperties) = preSolution
		HideSolutionNode = FALSE
	EndGlobalSection
	GlobalSection(ExtensibilityGlobals) = postSolution
		SolutionGuid = {A939CF58-086B-4195-9E81-E8489A6409FE}
	EndGlobalSection
EndGlobal
