
Microsoft Visual Studio Solution File, Format Version 12.00
# Visual Studio Version 17
VisualStudioVersion = 17.14.36310.24 d17.14
MinimumVisualStudioVersion = 10.0.40219.1
Project("{FAE04EC0-301F-11D3-BF4B-00C04F79EFBC}") = "Capa_Vista_Asignación_Alumnos", "Capa_Vista_Asignación_Alumnos\Capa_Vista_Asignación_Alumnos.csproj", "{222AC2EB-4C7A-4197-ACDB-C0C0DB5088DE}"
EndProject
Project("{FAE04EC0-301F-11D3-BF4B-00C04F79EFBC}") = "Capa_Controlador", "Capa_Controlador\Capa_Controlador.csproj", "{A5130783-12DC-4B54-9AAD-1BA31F32AE84}"
EndProject
Project("{FAE04EC0-301F-11D3-BF4B-00C04F79EFBC}") = "Capa_Modelo", "Capa_Modelo\Capa_Modelo.csproj", "{2A980A65-9705-4419-8DF3-DC8A7B903A83}"
EndProject
Global
	GlobalSection(SolutionConfigurationPlatforms) = preSolution
		Debug|Any CPU = Debug|Any CPU
		Release|Any CPU = Release|Any CPU
	EndGlobalSection
	GlobalSection(ProjectConfigurationPlatforms) = postSolution
		{222AC2EB-4C7A-4197-ACDB-C0C0DB5088DE}.Debug|Any CPU.ActiveCfg = Debug|Any CPU
		{222AC2EB-4C7A-4197-ACDB-C0C0DB5088DE}.Debug|Any CPU.Build.0 = Debug|Any CPU
		{222AC2EB-4C7A-4197-ACDB-C0C0DB5088DE}.Release|Any CPU.ActiveCfg = Release|Any CPU
		{222AC2EB-4C7A-4197-ACDB-C0C0DB5088DE}.Release|Any CPU.Build.0 = Release|Any CPU
		{A5130783-12DC-4B54-9AAD-1BA31F32AE84}.Debug|Any CPU.ActiveCfg = Debug|Any CPU
		{A5130783-12DC-4B54-9AAD-1BA31F32AE84}.Debug|Any CPU.Build.0 = Debug|Any CPU
		{A5130783-12DC-4B54-9AAD-1BA31F32AE84}.Release|Any CPU.ActiveCfg = Release|Any CPU
		{A5130783-12DC-4B54-9AAD-1BA31F32AE84}.Release|Any CPU.Build.0 = Release|Any CPU
		{2A980A65-9705-4419-8DF3-DC8A7B903A83}.Debug|Any CPU.ActiveCfg = Debug|Any CPU
		{2A980A65-9705-4419-8DF3-DC8A7B903A83}.Debug|Any CPU.Build.0 = Debug|Any CPU
		{2A980A65-9705-4419-8DF3-DC8A7B903A83}.Release|Any CPU.ActiveCfg = Release|Any CPU
		{2A980A65-9705-4419-8DF3-DC8A7B903A83}.Release|Any CPU.Build.0 = Release|Any CPU
	EndGlobalSection
	GlobalSection(SolutionProperties) = preSolution
		HideSolutionNode = FALSE
	EndGlobalSection
	GlobalSection(ExtensibilityGlobals) = postSolution
		SolutionGuid = {A8486347-489F-4AB9-89FB-280EA017202C}
	EndGlobalSection
EndGlobal
