
Microsoft Visual Studio Solution File, Format Version 12.00
# Visual Studio Version 16
VisualStudioVersion = 16.0.35229.62
MinimumVisualStudioVersion = 10.0.40219.1
Project("{FAE04EC0-301F-11D3-BF4B-00C04F79EFBC}") = "Capa_Vista_CDE", "Capa_Vista_CDE\Capa_Vista_CDE.csproj", "{12389024-899A-4900-A3AF-2284CC5B4511}"
EndProject
Project("{FAE04EC0-301F-11D3-BF4B-00C04F79EFBC}") = "Capa_Controlador_CDE", "Capa_Controlador_CDE\Capa_Controlador_CDE.csproj", "{D84444C4-58D1-4BB2-80AC-3EE5C0BC3A99}"
EndProject
Project("{FAE04EC0-301F-11D3-BF4B-00C04F79EFBC}") = "Capa_Modelo_CDE", "Capa_Modelo_CDE\Capa_Modelo_CDE.csproj", "{0EF5648C-9EE0-4625-A25A-39D5CE62D4C2}"
EndProject
Global
	GlobalSection(SolutionConfigurationPlatforms) = preSolution
		Debug|Any CPU = Debug|Any CPU
		Release|Any CPU = Release|Any CPU
	EndGlobalSection
	GlobalSection(ProjectConfigurationPlatforms) = postSolution
		{12389024-899A-4900-A3AF-2284CC5B4511}.Debug|Any CPU.ActiveCfg = Debug|Any CPU
		{12389024-899A-4900-A3AF-2284CC5B4511}.Debug|Any CPU.Build.0 = Debug|Any CPU
		{12389024-899A-4900-A3AF-2284CC5B4511}.Release|Any CPU.ActiveCfg = Release|Any CPU
		{12389024-899A-4900-A3AF-2284CC5B4511}.Release|Any CPU.Build.0 = Release|Any CPU
		{D84444C4-58D1-4BB2-80AC-3EE5C0BC3A99}.Debug|Any CPU.ActiveCfg = Debug|Any CPU
		{D84444C4-58D1-4BB2-80AC-3EE5C0BC3A99}.Debug|Any CPU.Build.0 = Debug|Any CPU
		{D84444C4-58D1-4BB2-80AC-3EE5C0BC3A99}.Release|Any CPU.ActiveCfg = Release|Any CPU
		{D84444C4-58D1-4BB2-80AC-3EE5C0BC3A99}.Release|Any CPU.Build.0 = Release|Any CPU
		{0EF5648C-9EE0-4625-A25A-39D5CE62D4C2}.Debug|Any CPU.ActiveCfg = Debug|Any CPU
		{0EF5648C-9EE0-4625-A25A-39D5CE62D4C2}.Debug|Any CPU.Build.0 = Debug|Any CPU
		{0EF5648C-9EE0-4625-A25A-39D5CE62D4C2}.Release|Any CPU.ActiveCfg = Release|Any CPU
		{0EF5648C-9EE0-4625-A25A-39D5CE62D4C2}.Release|Any CPU.Build.0 = Release|Any CPU
	EndGlobalSection
	GlobalSection(SolutionProperties) = preSolution
		HideSolutionNode = FALSE
	EndGlobalSection
	GlobalSection(ExtensibilityGlobals) = postSolution
		SolutionGuid = {8F834152-1BFD-400F-8104-ED331F739B03}
	EndGlobalSection
EndGlobal
