
Microsoft Visual Studio Solution File, Format Version 12.00
# Visual Studio Version 17
VisualStudioVersion = 17.14.36705.20 d17.14
MinimumVisualStudioVersion = 10.0.40219.1
Project("{FAE04EC0-301F-11D3-BF4B-00C04F79EFBC}") = "Ejecución_ActividadesARubrica", "Ejecución_ActividadesARubrica\Ejecución_ActividadesARubrica.csproj", "{4AD1B77C-D68B-4A94-B0BC-A494D2CED337}"
EndProject
Global
	GlobalSection(SolutionConfigurationPlatforms) = preSolution
		Debug|Any CPU = Debug|Any CPU
		Release|Any CPU = Release|Any CPU
	EndGlobalSection
	GlobalSection(ProjectConfigurationPlatforms) = postSolution
		{4AD1B77C-D68B-4A94-B0BC-A494D2CED337}.Debug|Any CPU.ActiveCfg = Debug|Any CPU
		{4AD1B77C-D68B-4A94-B0BC-A494D2CED337}.Debug|Any CPU.Build.0 = Debug|Any CPU
		{4AD1B77C-D68B-4A94-B0BC-A494D2CED337}.Release|Any CPU.ActiveCfg = Release|Any CPU
		{4AD1B77C-D68B-4A94-B0BC-A494D2CED337}.Release|Any CPU.Build.0 = Release|Any CPU
	EndGlobalSection
	GlobalSection(SolutionProperties) = preSolution
		HideSolutionNode = FALSE
	EndGlobalSection
	GlobalSection(ExtensibilityGlobals) = postSolution
		SolutionGuid = {CCF52AED-8874-4506-BC55-A6DF628A8629}
	EndGlobalSection
EndGlobal
